
Microsoft Visual Studio Solution File, Format Version 12.00
Project("{FAE04EC0-301F-11D3-BF4B-00C04F79EFBC}") = "Products.API", "Products.API\Products.API.csproj", "{2B4DEA0E-50DE-4FF4-BFAC-2B8C46ACE123}"
EndProject
Project("{FAE04EC0-301F-11D3-BF4B-00C04F79EFBC}") = "Products.Domain", "Products.Domain\Products.Domain.csproj", "{12C2B54A-3DCB-4A2E-B79D-1DB493F8FF6E}"
EndProject
Project("{FAE04EC0-301F-11D3-BF4B-00C04F79EFBC}") = "Products.Service", "Products.Service\Products.Service.csproj", "{EB2351F0-33EA-4F31-8F9A-3D235F1A6FB2}"
EndProject
Global
	GlobalSection(SolutionConfigurationPlatforms) = preSolution
		Debug|Any CPU = Debug|Any CPU
		Release|Any CPU = Release|Any CPU
	EndGlobalSection
	GlobalSection(ProjectConfigurationPlatforms) = postSolution
		{2B4DEA0E-50DE-4FF4-BFAC-2B8C46ACE123}.Debug|Any CPU.ActiveCfg = Debug|Any CPU
		{2B4DEA0E-50DE-4FF4-BFAC-2B8C46ACE123}.Debug|Any CPU.Build.0 = Debug|Any CPU
		{2B4DEA0E-50DE-4FF4-BFAC-2B8C46ACE123}.Release|Any CPU.ActiveCfg = Release|Any CPU
		{2B4DEA0E-50DE-4FF4-BFAC-2B8C46ACE123}.Release|Any CPU.Build.0 = Release|Any CPU
		{12C2B54A-3DCB-4A2E-B79D-1DB493F8FF6E}.Debug|Any CPU.ActiveCfg = Debug|Any CPU
		{12C2B54A-3DCB-4A2E-B79D-1DB493F8FF6E}.Debug|Any CPU.Build.0 = Debug|Any CPU
		{12C2B54A-3DCB-4A2E-B79D-1DB493F8FF6E}.Release|Any CPU.ActiveCfg = Release|Any CPU
		{12C2B54A-3DCB-4A2E-B79D-1DB493F8FF6E}.Release|Any CPU.Build.0 = Release|Any CPU
		{EB2351F0-33EA-4F31-8F9A-3D235F1A6FB2}.Debug|Any CPU.ActiveCfg = Debug|Any CPU
		{EB2351F0-33EA-4F31-8F9A-3D235F1A6FB2}.Debug|Any CPU.Build.0 = Debug|Any CPU
		{EB2351F0-33EA-4F31-8F9A-3D235F1A6FB2}.Release|Any CPU.ActiveCfg = Release|Any CPU
		{EB2351F0-33EA-4F31-8F9A-3D235F1A6FB2}.Release|Any CPU.Build.0 = Release|Any CPU
	EndGlobalSection
EndGlobal
